
Microsoft Visual Studio Solution File, Format Version 12.00
# Visual Studio 15
VisualStudioVersion = 15.0.28010.2041
MinimumVisualStudioVersion = 10.0.40219.1
Project("{FAE04EC0-301F-11D3-BF4B-00C04F79EFBC}") = "Vinance.Web", "Vinance.Web\Vinance.Web.csproj", "{D2916D51-BB4A-4F11-A45C-049AF2E5A701}"
EndProject
Project("{FAE04EC0-301F-11D3-BF4B-00C04F79EFBC}") = "Vinance.Contracts", "Vinance.Contracts\Vinance.Contracts.csproj", "{5F1C8FF9-F355-42DE-91B7-1C0AC56F8E92}"
EndProject
Project("{FAE04EC0-301F-11D3-BF4B-00C04F79EFBC}") = "Vinance.Services", "Vinance.Services\Vinance.Services.csproj", "{44CD5653-B58F-4E49-9CCD-D7B40822F60C}"
EndProject
Global
	GlobalSection(SolutionConfigurationPlatforms) = preSolution
		Debug|Any CPU = Debug|Any CPU
		Release|Any CPU = Release|Any CPU
	EndGlobalSection
	GlobalSection(ProjectConfigurationPlatforms) = postSolution
		{D2916D51-BB4A-4F11-A45C-049AF2E5A701}.Debug|Any CPU.ActiveCfg = Debug|Any CPU
		{D2916D51-BB4A-4F11-A45C-049AF2E5A701}.Debug|Any CPU.Build.0 = Debug|Any CPU
		{D2916D51-BB4A-4F11-A45C-049AF2E5A701}.Release|Any CPU.ActiveCfg = Release|Any CPU
		{D2916D51-BB4A-4F11-A45C-049AF2E5A701}.Release|Any CPU.Build.0 = Release|Any CPU
		{5F1C8FF9-F355-42DE-91B7-1C0AC56F8E92}.Debug|Any CPU.ActiveCfg = Debug|Any CPU
		{5F1C8FF9-F355-42DE-91B7-1C0AC56F8E92}.Debug|Any CPU.Build.0 = Debug|Any CPU
		{5F1C8FF9-F355-42DE-91B7-1C0AC56F8E92}.Release|Any CPU.ActiveCfg = Release|Any CPU
		{5F1C8FF9-F355-42DE-91B7-1C0AC56F8E92}.Release|Any CPU.Build.0 = Release|Any CPU
		{44CD5653-B58F-4E49-9CCD-D7B40822F60C}.Debug|Any CPU.ActiveCfg = Debug|Any CPU
		{44CD5653-B58F-4E49-9CCD-D7B40822F60C}.Debug|Any CPU.Build.0 = Debug|Any CPU
		{44CD5653-B58F-4E49-9CCD-D7B40822F60C}.Release|Any CPU.ActiveCfg = Release|Any CPU
		{44CD5653-B58F-4E49-9CCD-D7B40822F60C}.Release|Any CPU.Build.0 = Release|Any CPU
	EndGlobalSection
	GlobalSection(SolutionProperties) = preSolution
		HideSolutionNode = FALSE
	EndGlobalSection
	GlobalSection(ExtensibilityGlobals) = postSolution
		SolutionGuid = {2CF30835-9835-4F14-8BB8-E417B843C3AB}
	EndGlobalSection
EndGlobal
